
Microsoft Visual Studio Solution File, Format Version 12.00
# Visual Studio Version 17
VisualStudioVersion = 17.4.33122.133
MinimumVisualStudioVersion = 10.0.40219.1
Project("{FAE04EC0-301F-11D3-BF4B-00C04F79EFBC}") = "NullableDelegateExceptions", "NullableDelegateExceptions\NullableDelegateExceptions.csproj", "{72BC5D6C-9976-406D-A24B-DD592F714668}"
EndProject
Project("{FAE04EC0-301F-11D3-BF4B-00C04F79EFBC}") = "ServicesLayer", "ServicesLayer\ServicesLayer.csproj", "{C9789EB3-6BB8-4260-88A1-A0EA16CA67B5}"
EndProject
Project("{FAE04EC0-301F-11D3-BF4B-00C04F79EFBC}") = "DomainLayer", "DomainLayer\DomainLayer.csproj", "{859AD96E-06C8-4207-B125-280D41D1D7D0}"
EndProject
Global
	GlobalSection(SolutionConfigurationPlatforms) = preSolution
		Debug|Any CPU = Debug|Any CPU
		Release|Any CPU = Release|Any CPU
	EndGlobalSection
	GlobalSection(ProjectConfigurationPlatforms) = postSolution
		{72BC5D6C-9976-406D-A24B-DD592F714668}.Debug|Any CPU.ActiveCfg = Debug|Any CPU
		{72BC5D6C-9976-406D-A24B-DD592F714668}.Debug|Any CPU.Build.0 = Debug|Any CPU
		{72BC5D6C-9976-406D-A24B-DD592F714668}.Release|Any CPU.ActiveCfg = Release|Any CPU
		{72BC5D6C-9976-406D-A24B-DD592F714668}.Release|Any CPU.Build.0 = Release|Any CPU
		{C9789EB3-6BB8-4260-88A1-A0EA16CA67B5}.Debug|Any CPU.ActiveCfg = Debug|Any CPU
		{C9789EB3-6BB8-4260-88A1-A0EA16CA67B5}.Debug|Any CPU.Build.0 = Debug|Any CPU
		{C9789EB3-6BB8-4260-88A1-A0EA16CA67B5}.Release|Any CPU.ActiveCfg = Release|Any CPU
		{C9789EB3-6BB8-4260-88A1-A0EA16CA67B5}.Release|Any CPU.Build.0 = Release|Any CPU
		{859AD96E-06C8-4207-B125-280D41D1D7D0}.Debug|Any CPU.ActiveCfg = Debug|Any CPU
		{859AD96E-06C8-4207-B125-280D41D1D7D0}.Debug|Any CPU.Build.0 = Debug|Any CPU
		{859AD96E-06C8-4207-B125-280D41D1D7D0}.Release|Any CPU.ActiveCfg = Release|Any CPU
		{859AD96E-06C8-4207-B125-280D41D1D7D0}.Release|Any CPU.Build.0 = Release|Any CPU
	EndGlobalSection
	GlobalSection(SolutionProperties) = preSolution
		HideSolutionNode = FALSE
	EndGlobalSection
	GlobalSection(ExtensibilityGlobals) = postSolution
		SolutionGuid = {5E489B32-1556-4B27-8554-DB7380CE901B}
	EndGlobalSection
EndGlobal
